
Microsoft Visual Studio Solution File, Format Version 12.00
# Visual Studio Version 16
VisualStudioVersion = 16.0.31005.135
MinimumVisualStudioVersion = 10.0.40219.1
Project("{9A19103F-16F7-4668-BE54-9A1E7A4F7556}") = "FNBStartup", "FNBStarup\FNBStartup.csproj", "{73A888F6-CDC5-4A6A-8CE9-1F73B828647F}"
EndProject
Project("{9A19103F-16F7-4668-BE54-9A1E7A4F7556}") = "LoggerService", "LoggerService\LoggerService.csproj", "{E88AB737-1FD1-4EAF-A03F-E6BF5AC06C71}"
EndProject
Project("{FAE04EC0-301F-11D3-BF4B-00C04F79EFBC}") = "Entities", "Entities\Entities.csproj", "{07D6FB34-53A8-45AF-8B8C-8DC8232B1EDF}"
EndProject
Project("{FAE04EC0-301F-11D3-BF4B-00C04F79EFBC}") = "Repository", "Repository\Repository.csproj", "{25CAF3F7-A836-4E1A-AE77-5588FCC50465}"
EndProject
Global
	GlobalSection(SolutionConfigurationPlatforms) = preSolution
		Debug|Any CPU = Debug|Any CPU
		Release|Any CPU = Release|Any CPU
	EndGlobalSection
	GlobalSection(ProjectConfigurationPlatforms) = postSolution
		{73A888F6-CDC5-4A6A-8CE9-1F73B828647F}.Debug|Any CPU.ActiveCfg = Debug|Any CPU
		{73A888F6-CDC5-4A6A-8CE9-1F73B828647F}.Debug|Any CPU.Build.0 = Debug|Any CPU
		{73A888F6-CDC5-4A6A-8CE9-1F73B828647F}.Release|Any CPU.ActiveCfg = Release|Any CPU
		{73A888F6-CDC5-4A6A-8CE9-1F73B828647F}.Release|Any CPU.Build.0 = Release|Any CPU
		{E88AB737-1FD1-4EAF-A03F-E6BF5AC06C71}.Debug|Any CPU.ActiveCfg = Debug|Any CPU
		{E88AB737-1FD1-4EAF-A03F-E6BF5AC06C71}.Debug|Any CPU.Build.0 = Debug|Any CPU
		{E88AB737-1FD1-4EAF-A03F-E6BF5AC06C71}.Release|Any CPU.ActiveCfg = Release|Any CPU
		{E88AB737-1FD1-4EAF-A03F-E6BF5AC06C71}.Release|Any CPU.Build.0 = Release|Any CPU
		{07D6FB34-53A8-45AF-8B8C-8DC8232B1EDF}.Debug|Any CPU.ActiveCfg = Debug|Any CPU
		{07D6FB34-53A8-45AF-8B8C-8DC8232B1EDF}.Debug|Any CPU.Build.0 = Debug|Any CPU
		{07D6FB34-53A8-45AF-8B8C-8DC8232B1EDF}.Release|Any CPU.ActiveCfg = Release|Any CPU
		{07D6FB34-53A8-45AF-8B8C-8DC8232B1EDF}.Release|Any CPU.Build.0 = Release|Any CPU
		{25CAF3F7-A836-4E1A-AE77-5588FCC50465}.Debug|Any CPU.ActiveCfg = Debug|Any CPU
		{25CAF3F7-A836-4E1A-AE77-5588FCC50465}.Debug|Any CPU.Build.0 = Debug|Any CPU
		{25CAF3F7-A836-4E1A-AE77-5588FCC50465}.Release|Any CPU.ActiveCfg = Release|Any CPU
		{25CAF3F7-A836-4E1A-AE77-5588FCC50465}.Release|Any CPU.Build.0 = Release|Any CPU
	EndGlobalSection
	GlobalSection(SolutionProperties) = preSolution
		HideSolutionNode = FALSE
	EndGlobalSection
	GlobalSection(ExtensibilityGlobals) = postSolution
		SolutionGuid = {F82F326C-3BF9-429F-ABBA-B2300C51455A}
	EndGlobalSection
EndGlobal
